
Microsoft Visual Studio Solution File, Format Version 12.00
# Visual Studio Version 16
VisualStudioVersion = 16.0.31205.134
MinimumVisualStudioVersion = 10.0.40219.1
Project("{FAE04EC0-301F-11D3-BF4B-00C04F79EFBC}") = "hello_constantin", "hello_constantin\hello_constantin.csproj", "{56066D1D-E79D-4433-B8FC-1496B797956C}"
EndProject
Global
	GlobalSection(SolutionConfigurationPlatforms) = preSolution
		Debug|Any CPU = Debug|Any CPU
		Release|Any CPU = Release|Any CPU
	EndGlobalSection
	GlobalSection(ProjectConfigurationPlatforms) = postSolution
		{56066D1D-E79D-4433-B8FC-1496B797956C}.Debug|Any CPU.ActiveCfg = Debug|Any CPU
		{56066D1D-E79D-4433-B8FC-1496B797956C}.Debug|Any CPU.Build.0 = Debug|Any CPU
		{56066D1D-E79D-4433-B8FC-1496B797956C}.Release|Any CPU.ActiveCfg = Release|Any CPU
		{56066D1D-E79D-4433-B8FC-1496B797956C}.Release|Any CPU.Build.0 = Release|Any CPU
	EndGlobalSection
	GlobalSection(SolutionProperties) = preSolution
		HideSolutionNode = FALSE
	EndGlobalSection
	GlobalSection(ExtensibilityGlobals) = postSolution
		SolutionGuid = {931F70F3-8162-42B0-8C36-4AF5F823EE9F}
	EndGlobalSection
EndGlobal
